
Microsoft Visual Studio Solution File, Format Version 12.00
Project("{FAE04EC0-301F-11D3-BF4B-00C04F79EFBC}") = "NetCore", "NetCore.csproj", "{B851B9D8-92B5-4D3E-9198-405E3085A6B4}"
EndProject
Project("{FAE04EC0-301F-11D3-BF4B-00C04F79EFBC}") = "NetCore.Services", "NetCore.Services\NetCore.Services.csproj", "{08FB11CA-03CC-40F3-910D-18248965DF48}"
EndProject
Project("{FAE04EC0-301F-11D3-BF4B-00C04F79EFBC}") = "NetCore.Data", "NetCore.Data\NetCore.Data.csproj", "{F9067350-A18D-4175-94E4-44EEB03A86D5}"
EndProject
Global
	GlobalSection(SolutionConfigurationPlatforms) = preSolution
		Debug|Any CPU = Debug|Any CPU
		Release|Any CPU = Release|Any CPU
	EndGlobalSection
	GlobalSection(ProjectConfigurationPlatforms) = postSolution
		{B851B9D8-92B5-4D3E-9198-405E3085A6B4}.Debug|Any CPU.ActiveCfg = Debug|Any CPU
		{B851B9D8-92B5-4D3E-9198-405E3085A6B4}.Debug|Any CPU.Build.0 = Debug|Any CPU
		{B851B9D8-92B5-4D3E-9198-405E3085A6B4}.Release|Any CPU.ActiveCfg = Release|Any CPU
		{B851B9D8-92B5-4D3E-9198-405E3085A6B4}.Release|Any CPU.Build.0 = Release|Any CPU
		{08FB11CA-03CC-40F3-910D-18248965DF48}.Debug|Any CPU.ActiveCfg = Debug|Any CPU
		{08FB11CA-03CC-40F3-910D-18248965DF48}.Debug|Any CPU.Build.0 = Debug|Any CPU
		{08FB11CA-03CC-40F3-910D-18248965DF48}.Release|Any CPU.ActiveCfg = Release|Any CPU
		{08FB11CA-03CC-40F3-910D-18248965DF48}.Release|Any CPU.Build.0 = Release|Any CPU
		{F9067350-A18D-4175-94E4-44EEB03A86D5}.Debug|Any CPU.ActiveCfg = Debug|Any CPU
		{F9067350-A18D-4175-94E4-44EEB03A86D5}.Debug|Any CPU.Build.0 = Debug|Any CPU
		{F9067350-A18D-4175-94E4-44EEB03A86D5}.Release|Any CPU.ActiveCfg = Release|Any CPU
		{F9067350-A18D-4175-94E4-44EEB03A86D5}.Release|Any CPU.Build.0 = Release|Any CPU
	EndGlobalSection
EndGlobal
